// !$*UTF8*$!
{
	archiveVersion = 1;
	classes = {
	};
	objectVersion = 50;
	objects = {

/* Begin PBXBuildFile section */
		E2B3518623BAC878001A482C /* AppDelegate.swift in Sources */ = {isa = PBXBuildFile; fileRef = E2B3518523BAC878001A482C /* AppDelegate.swift */; };
		E2B3518C23BAC878001A482C /* GameScene.swift in Sources */ = {isa = PBXBuildFile; fileRef = E2B3518B23BAC878001A482C /* GameScene.swift */; };
		E2B3518E23BAC878001A482C /* GameViewController.swift in Sources */ = {isa = PBXBuildFile; fileRef = E2B3518D23BAC878001A482C /* GameViewController.swift */; };
		E2B3519123BAC878001A482C /* Main.storyboard in Resources */ = {isa = PBXBuildFile; fileRef = E2B3518F23BAC878001A482C /* Main.storyboard */; };
		E2B3519323BAC87A001A482C /* Assets.xcassets in Resources */ = {isa = PBXBuildFile; fileRef = E2B3519223BAC87A001A482C /* Assets.xcassets */; };
		E2B3519623BAC87A001A482C /* LaunchScreen.storyboard in Resources */ = {isa = PBXBuildFile; fileRef = E2B3519423BAC87A001A482C /* LaunchScreen.storyboard */; };
		E2B351A023BACB33001A482C /* score.mp3 in Resources */ = {isa = PBXBuildFile; fileRef = E2B3519D23BACB32001A482C /* score.mp3 */; };
		E2B351A123BACB33001A482C /* hit.mp3 in Resources */ = {isa = PBXBuildFile; fileRef = E2B3519E23BACB32001A482C /* hit.mp3 */; };
		E2B351A223BACB33001A482C /* music.m4a in Resources */ = {isa = PBXBuildFile; fileRef = E2B3519F23BACB33001A482C /* music.m4a */; };
/* End PBXBuildFile section */

/* Begin PBXFileReference section */
		E2B3518223BAC878001A482C /* FlappyDragon.app */ = {isa = PBXFileReference; explicitFileType = wrapper.application; includeInIndex = 0; path = FlappyDragon.app; sourceTree = BUILT_PRODUCTS_DIR; };
		E2B3518523BAC878001A482C /* AppDelegate.swift */ = {isa = PBXFileReference; lastKnownFileType = sourcecode.swift; path = AppDelegate.swift; sourceTree = "<group>"; };
		E2B3518B23BAC878001A482C /* GameScene.swift */ = {isa = PBXFileReference; lastKnownFileType = sourcecode.swift; path = GameScene.swift; sourceTree = "<group>"; };
		E2B3518D23BAC878001A482C /* GameViewController.swift */ = {isa = PBXFileReference; lastKnownFileType = sourcecode.swift; path = GameViewController.swift; sourceTree = "<group>"; };
		E2B3519023BAC878001A482C /* Base */ = {isa = PBXFileReference; lastKnownFileType = file.storyboard; name = Base; path = Base.lproj/Main.storyboard; sourceTree = "<group>"; };
		E2B3519223BAC87A001A482C /* Assets.xcassets */ = {isa = PBXFileReference; lastKnownFileType = folder.assetcatalog; path = Assets.xcassets; sourceTree = "<group>"; };
		E2B3519523BAC87A001A482C /* Base */ = {isa = PBXFileReference; lastKnownFileType = file.storyboard; name = Base; path = Base.lproj/LaunchScreen.storyboard; sourceTree = "<group>"; };
		E2B3519723BAC87A001A482C /* Info.plist */ = {isa = PBXFileReference; lastKnownFileType = text.plist.xml; path = Info.plist; sourceTree = "<group>"; };
		E2B3519D23BACB32001A482C /* score.mp3 */ = {isa = PBXFileReference; lastKnownFileType = audio.mp3; path = score.mp3; sourceTree = "<group>"; };
		E2B3519E23BACB32001A482C /* hit.mp3 */ = {isa = PBXFileReference; lastKnownFileType = audio.mp3; path = hit.mp3; sourceTree = "<group>"; };
		E2B3519F23BACB33001A482C /* music.m4a */ = {isa = PBXFileReference; lastKnownFileType = file; path = music.m4a; sourceTree = "<group>"; };
/* End PBXFileReference section */

/* Begin PBXFrameworksBuildPhase section */
		E2B3517F23BAC878001A482C /* Frameworks */ = {
			isa = PBXFrameworksBuildPhase;
			buildActionMask = 2147483647;
			files = (
			);
			runOnlyForDeploymentPostprocessing = 0;
		};
/* End PBXFrameworksBuildPhase section */

/* Begin PBXGroup section */
		E2B3517923BAC878001A482C = {
			isa = PBXGroup;
			children = (
				E2B3518423BAC878001A482C /* FlappyDragon */,
				E2B3518323BAC878001A482C /* Products */,
			);
			sourceTree = "<group>";
		};
		E2B3518323BAC878001A482C /* Products */ = {
			isa = PBXGroup;
			children = (
				E2B3518223BAC878001A482C /* FlappyDragon.app */,
			);
			name = Products;
			sourceTree = "<group>";
		};
		E2B3518423BAC878001A482C /* FlappyDragon */ = {
			isa = PBXGroup;
			children = (
				E2B3518523BAC878001A482C /* AppDelegate.swift */,
				E2B3518B23BAC878001A482C /* GameScene.swift */,
				E2B3518D23BAC878001A482C /* GameViewController.swift */,
				E2B3518F23BAC878001A482C /* Main.storyboard */,
				E2B3519223BAC87A001A482C /* Assets.xcassets */,
				E2B351A323BACB5E001A482C /* Sounds */,
				E2B3519423BAC87A001A482C /* LaunchScreen.storyboard */,
				E2B3519723BAC87A001A482C /* Info.plist */,
			);
			path = FlappyDragon;
			sourceTree = "<group>";
		};
		E2B351A323BACB5E001A482C /* Sounds */ = {
			isa = PBXGroup;
			children = (
				E2B3519E23BACB32001A482C /* hit.mp3 */,
				E2B3519F23BACB33001A482C /* music.m4a */,
				E2B3519D23BACB32001A482C /* score.mp3 */,
			);
			path = Sounds;
			sourceTree = "<group>";
		};
/* End PBXGroup section */

/* Begin PBXNativeTarget section */
		E2B3518123BAC878001A482C /* FlappyDragon */ = {
			isa = PBXNativeTarget;
			buildConfigurationList = E2B3519A23BAC87A001A482C /* Build configuration list for PBXNativeTarget "FlappyDragon" */;
			buildPhases = (
				E2B3517E23BAC878001A482C /* Sources */,
				E2B3517F23BAC878001A482C /* Frameworks */,
				E2B3518023BAC878001A482C /* Resources */,
			);
			buildRules = (
			);
			dependencies = (
			);
			name = FlappyDragon;
			productName = FlappyDragon;
			productReference = E2B3518223BAC878001A482C /* FlappyDragon.app */;
			productType = "com.apple.product-type.application";
		};
/* End PBXNativeTarget section */

/* Begin PBXProject section */
		E2B3517A23BAC878001A482C /* Project object */ = {
			isa = PBXProject;
			attributes = {
				LastSwiftUpdateCheck = 1130;
				LastUpgradeCheck = 1130;
				ORGANIZATIONNAME = "Anderson Alencar";
				TargetAttributes = {
					E2B3518123BAC878001A482C = {
						CreatedOnToolsVersion = 11.3;
					};
				};
			};
			buildConfigurationList = E2B3517D23BAC878001A482C /* Build configuration list for PBXProject "FlappyDragon" */;
			compatibilityVersion = "Xcode 9.3";
			developmentRegion = en;
			hasScannedForEncodings = 0;
			knownRegions = (
				en,
				Base,
			);
			mainGroup = E2B3517923BAC878001A482C;
			productRefGroup = E2B3518323BAC878001A482C /* Products */;
			projectDirPath = "";
			projectRoot = "";
			targets = (
				E2B3518123BAC878001A482C /* FlappyDragon */,
			);
		};
/* End PBXProject section */

/* Begin PBXResourcesBuildPhase section */
		E2B3518023BAC878001A482C /* Resources */ = {
			isa = PBXResourcesBuildPhase;
			buildActionMask = 2147483647;
			files = (
				E2B3519123BAC878001A482C /* Main.storyboard in Resources */,
				E2B3519323BAC87A001A482C /* Assets.xcassets in Resources */,
				E2B351A223BACB33001A482C /* music.m4a in Resources */,
				E2B3519623BAC87A001A482C /* LaunchScreen.storyboard in Resources */,
				E2B351A023BACB33001A482C /* score.mp3 in Resources */,
				E2B351A123BACB33001A482C /* hit.mp3 in Resources */,
			);
			runOnlyForDeploymentPostprocessing = 0;
		};
/* End PBXResourcesBuildPhase section */

/* Begin PBXSourcesBuildPhase section */
		E2B3517E23BAC878001A482C /* Sources */ = {
			isa = PBXSourcesBuildPhase;
			buildActionMask = 2147483647;
			files = (
				E2B3518C23BAC878001A482C /* GameScene.swift in Sources */,
				E2B3518E23BAC878001A482C /* GameViewController.swift in Sources */,
				E2B3518623BAC878001A482C /* AppDelegate.swift in Sources */,
			);
			runOnlyForDeploymentPostprocessing = 0;
		};
/* End PBXSourcesBuildPhase section */

/* Begin PBXVariantGroup section */
		E2B3518F23BAC878001A482C /* Main.storyboard */ = {
			isa = PBXVariantGroup;
			children = (
				E2B3519023BAC878001A482C /* Base */,
			);
			name = Main.storyboard;
			sourceTree = "<group>";
		};
		E2B3519423BAC87A001A482C /* LaunchScreen.storyboard */ = {
			isa = PBXVariantGroup;
			children = (
				E2B3519523BAC87A001A482C /* Base */,
			);
			name = LaunchScreen.storyboard;
			sourceTree = "<group>";
		};
/* End PBXVariantGroup section */

/* Begin XCBuildConfiguration section */
		E2B3519823BAC87A001A482C /* Debug */ = {
			isa = XCBuildConfiguration;
			buildSettings = {
				ALWAYS_SEARCH_USER_PATHS = NO;
				CLANG_ANALYZER_NONNULL = YES;
				CLANG_ANALYZER_NUMBER_OBJECT_CONVERSION = YES_AGGRESSIVE;
				CLANG_CXX_LANGUAGE_STANDARD = "gnu++14";
				CLANG_CXX_LIBRARY = "libc++";
				CLANG_ENABLE_MODULES = YES;
				CLANG_ENABLE_OBJC_ARC = YES;
				CLANG_ENABLE_OBJC_WEAK = YES;
				CLANG_WARN_BLOCK_CAPTURE_AUTORELEASING = YES;
				CLANG_WARN_BOOL_CONVERSION = YES;
				CLANG_WARN_COMMA = YES;
				CLANG_WARN_CONSTANT_CONVERSION = YES;
				CLANG_WARN_DEPRECATED_OBJC_IMPLEMENTATIONS = YES;
				CLANG_WARN_DIRECT_OBJC_ISA_USAGE = YES_ERROR;
				CLANG_WARN_DOCUMENTATION_COMMENTS = YES;
				CLANG_WARN_EMPTY_BODY = YES;
				CLANG_WARN_ENUM_CONVERSION = YES;
				CLANG_WARN_INFINITE_RECURSION = YES;
				CLANG_WARN_INT_CONVERSION = YES;
				CLANG_WARN_NON_LITERAL_NULL_CONVERSION = YES;
				CLANG_WARN_OBJC_IMPLICIT_RETAIN_SELF = YES;
				CLANG_WARN_OBJC_LITERAL_CONVERSION = YES;
				CLANG_WARN_OBJC_ROOT_CLASS = YES_ERROR;
				CLANG_WARN_RANGE_LOOP_ANALYSIS = YES;
				CLANG_WARN_STRICT_PROTOTYPES = YES;
				CLANG_WARN_SUSPICIOUS_MOVE = YES;
				CLANG_WARN_UNGUARDED_AVAILABILITY = YES_AGGRESSIVE;
				CLANG_WARN_UNREACHABLE_CODE = YES;
				CLANG_WARN__DUPLICATE_METHOD_MATCH = YES;
				COPY_PHASE_STRIP = NO;
				DEBUG_INFORMATION_FORMAT = dwarf;
				ENABLE_STRICT_OBJC_MSGSEND = YES;
				ENABLE_TESTABILITY = YES;
				GCC_C_LANGUAGE_STANDARD = gnu11;
				GCC_DYNAMIC_NO_PIC = NO;
				GCC_NO_COMMON_BLOCKS = YES;
				GCC_OPTIMIZATION_LEVEL = 0;
				GCC_PREPROCESSOR_DEFINITIONS = (
					"DEBUG=1",
					"$(inherited)",
				);
				GCC_WARN_64_TO_32_BIT_CONVERSION = YES;
				GCC_WARN_ABOUT_RETURN_TYPE = YES_ERROR;
				GCC_WARN_UNDECLARED_SELECTOR = YES;
				GCC_WARN_UNINITIALIZED_AUTOS = YES_AGGRESSIVE;
				GCC_WARN_UNUSED_FUNCTION = YES;
				GCC_WARN_UNUSED_VARIABLE = YES;
				IPHONEOS_DEPLOYMENT_TARGET = 13.2;
				MTL_ENABLE_DEBUG_INFO = INCLUDE_SOURCE;
				MTL_FAST_MATH = YES;
				ONLY_ACTIVE_ARCH = YES;
				SDKROOT = iphoneos;
				SWIFT_ACTIVE_COMPILATION_CONDITIONS = DEBUG;
				SWIFT_OPTIMIZATION_LEVEL = "-Onone";
			};
			name = Debug;
		};
		E2B3519923BAC87A001A482C /* Release */ = {
			isa = XCBuildConfiguration;
			buildSettings = {
				ALWAYS_SEARCH_USER_PATHS = NO;
				CLANG_ANALYZER_NONNULL = YES;
				CLANG_ANALYZER_NUMBER_OBJECT_CONVERSION = YES_AGGRESSIVE;
				CLANG_CXX_LANGUAGE_STANDARD = "gnu++14";
				CLANG_CXX_LIBRARY = "libc++";
				CLANG_ENABLE_MODULES = YES;
				CLANG_ENABLE_OBJC_ARC = YES;
				CLANG_ENABLE_OBJC_WEAK = YES;
				CLANG_WARN_BLOCK_CAPTURE_AUTORELEASING = YES;
				CLANG_WARN_BOOL_CONVERSION = YES;
				CLANG_WARN_COMMA = YES;
				CLANG_WARN_CONSTANT_CONVERSION = YES;
				CLANG_WARN_DEPRECATED_OBJC_IMPLEMENTATIONS = YES;
				CLANG_WARN_DIRECT_OBJC_ISA_USAGE = YES_ERROR;
				CLANG_WARN_DOCUMENTATION_COMMENTS = YES;
				CLANG_WARN_EMPTY_BODY = YES;
				CLANG_WARN_ENUM_CONVERSION = YES;
				CLANG_WARN_INFINITE_RECURSION = YES;
				CLANG_WARN_INT_CONVERSION = YES;
				CLANG_WARN_NON_LITERAL_NULL_CONVERSION = YES;
				CLANG_WARN_OBJC_IMPLICIT_RETAIN_SELF = YES;
				CLANG_WARN_OBJC_LITERAL_CONVERSION = YES;
				CLANG_WARN_OBJC_ROOT_CLASS = YES_ERROR;
				CLANG_WARN_RANGE_LOOP_ANALYSIS = YES;
				CLANG_WARN_STRICT_PROTOTYPES = YES;
				CLANG_WARN_SUSPICIOUS_MOVE = YES;
				CLANG_WARN_UNGUARDED_AVAILABILITY = YES_AGGRESSIVE;
				CLANG_WARN_UNREACHABLE_CODE = YES;
				CLANG_WARN__DUPLICATE_METHOD_MATCH = YES;
				COPY_PHASE_STRIP = NO;
				DEBUG_INFORMATION_FORMAT = "dwarf-with-dsym";
				ENABLE_NS_ASSERTIONS = NO;
				ENABLE_STRICT_OBJC_MSGSEND = YES;
				GCC_C_LANGUAGE_STANDARD = gnu11;
				GCC_NO_COMMON_BLOCKS = YES;
				GCC_WARN_64_TO_32_BIT_CONVERSION = YES;
				GCC_WARN_ABOUT_RETURN_TYPE = YES_ERROR;
				GCC_WARN_UNDECLARED_SELECTOR = YES;
				GCC_WARN_UNINITIALIZED_AUTOS = YES_AGGRESSIVE;
				GCC_WARN_UNUSED_FUNCTION = YES;
				GCC_WARN_UNUSED_VARIABLE = YES;
				IPHONEOS_DEPLOYMENT_TARGET = 13.2;
				MTL_ENABLE_DEBUG_INFO = NO;
				MTL_FAST_MATH = YES;
				SDKROOT = iphoneos;
				SWIFT_COMPILATION_MODE = wholemodule;
				SWIFT_OPTIMIZATION_LEVEL = "-O";
				VALIDATE_PRODUCT = YES;
			};
			name = Release;
		};
		E2B3519B23BAC87A001A482C /* Debug */ = {
			isa = XCBuildConfiguration;
			buildSettings = {
				ASSETCATALOG_COMPILER_APPICON_NAME = AppIcon;
				CODE_SIGN_STYLE = Automatic;
				DEVELOPMENT_TEAM = 3XAHB7RJJD;
				INFOPLIST_FILE = FlappyDragon/Info.plist;
				LD_RUNPATH_SEARCH_PATHS = (
					"$(inherited)",
					"@executable_path/Frameworks",
				);
				PRODUCT_BUNDLE_IDENTIFIER = com.andersonalencar.FlappyDragon;
				PRODUCT_NAME = "$(TARGET_NAME)";
				SWIFT_VERSION = 5.0;
				TARGETED_DEVICE_FAMILY = 1;
			};
			name = Debug;
		};
		E2B3519C23BAC87A001A482C /* Release */ = {
			isa = XCBuildConfiguration;
			buildSettings = {
				ASSETCATALOG_COMPILER_APPICON_NAME = AppIcon;
				CODE_SIGN_STYLE = Automatic;
				DEVELOPMENT_TEAM = 3XAHB7RJJD;
				INFOPLIST_FILE = FlappyDragon/Info.plist;
				LD_RUNPATH_SEARCH_PATHS = (
					"$(inherited)",
					"@executable_path/Frameworks",
				);
				PRODUCT_BUNDLE_IDENTIFIER = com.andersonalencar.FlappyDragon;
				PRODUCT_NAME = "$(TARGET_NAME)";
				SWIFT_VERSION = 5.0;
				TARGETED_DEVICE_FAMILY = 1;
			};
			name = Release;
		};
/* End XCBuildConfiguration section */

/* Begin XCConfigurationList section */
		E2B3517D23BAC878001A482C /* Build configuration list for PBXProject "FlappyDragon" */ = {
			isa = XCConfigurationList;
			buildConfigurations = (
				E2B3519823BAC87A001A482C /* Debug */,
				E2B3519923BAC87A001A482C /* Release */,
			);
			defaultConfigurationIsVisible = 0;
			defaultConfigurationName = Release;
		};
		E2B3519A23BAC87A001A482C /* Build configuration list for PBXNativeTarget "FlappyDragon" */ = {
			isa = XCConfigurationList;
			buildConfigurations = (
				E2B3519B23BAC87A001A482C /* Debug */,
				E2B3519C23BAC87A001A482C /* Release */,
			);
			defaultConfigurationIsVisible = 0;
			defaultConfigurationName = Release;
		};
/* End XCConfigurationList section */
	};
	rootObject = E2B3517A23BAC878001A482C /* Project object */;
}
